version: 7
platforms:
- name: osx-arm64
environments:
  default:
    channels:
    - url: https://conda.anaconda.org/conda-forge/
    indexes:
    - https://pypi.org/simple
    packages:
      osx-arm64:
      - conda: https://conda.anaconda.org/conda-forge/noarch/_python_abi3_support-1.0-hd8ed1ab_2.conda
      - conda: https://conda.anaconda.org/conda-forge/noarch/appnope-0.1.4-pyhd8ed1ab_1.conda
      - conda: https://conda.anaconda.org/conda-forge/noarch/asttokens-3.0.1-pyhd8ed1ab_0.conda
      - conda: https://conda.anaconda.org/conda-forge/noarch/ca-certificates-2026.5.20-hbd8a1cb_0.conda
      - conda: https://conda.anaconda.org/conda-forge/noarch/comm-0.2.3-pyhe01879c_0.conda
      - conda: https://conda.anaconda.org/conda-forge/noarch/cpython-3.14.5-py314hd8ed1ab_100.conda
      - conda: https://conda.anaconda.org/conda-forge/noarch/decorator-5.3.1-pyhd8ed1ab_0.conda
      - conda: https://conda.anaconda.org/conda-forge/noarch/executing-2.2.1-pyhd8ed1ab_0.conda
      - conda: https://conda.anaconda.org/conda-forge/noarch/ipykernel-7.2.0-pyh5552912_1.conda
      - conda: https://conda.anaconda.org/conda-forge/noarch/ipython-9.13.0-pyh53cf698_0.conda
      - conda: https://conda.anaconda.org/conda-forge/noarch/ipython_pygments_lexers-1.1.1-pyhd8ed1ab_0.conda
      - conda: https://conda.anaconda.org/conda-forge/noarch/jedi-0.19.2-pyhd8ed1ab_1.conda
      - conda: https://conda.anaconda.org/conda-forge/noarch/jupyter_client-8.8.0-pyhcf101f3_0.conda
      - conda: https://conda.anaconda.org/conda-forge/noarch/jupyter_core-5.9.1-pyhc90fa1f_0.conda
      - conda: https://conda.anaconda.org/conda-forge/noarch/matplotlib-inline-0.2.2-pyhd8ed1ab_0.conda
      - conda: https://conda.anaconda.org/conda-forge/noarch/nest-asyncio-1.6.0-pyhd8ed1ab_1.conda
      - conda: https://conda.anaconda.org/conda-forge/noarch/packaging-26.2-pyhc364b38_0.conda
      - conda: https://conda.anaconda.org/conda-forge/noarch/parso-0.8.7-pyhcf101f3_0.conda
      - conda: https://conda.anaconda.org/conda-forge/noarch/pexpect-4.9.0-pyhd8ed1ab_1.conda
      - conda: https://conda.anaconda.org/conda-forge/noarch/platformdirs-4.9.6-pyhcf101f3_0.conda
      - conda: https://conda.anaconda.org/conda-forge/noarch/prompt-toolkit-3.0.52-pyha770c72_0.conda
      - conda: https://conda.anaconda.org/conda-forge/noarch/ptyprocess-0.7.0-pyhd8ed1ab_1.conda
      - conda: https://conda.anaconda.org/conda-forge/noarch/pure_eval-0.2.3-pyhd8ed1ab_1.conda
      - conda: https://conda.anaconda.org/conda-forge/noarch/pygments-2.20.0-pyhd8ed1ab_0.conda
      - conda: https://conda.anaconda.org/conda-forge/noarch/python-dateutil-2.9.0.post0-pyhe01879c_2.conda
      - conda: https://conda.anaconda.org/conda-forge/noarch/python-gil-3.14.5-h4df99d1_100.conda
      - conda: https://conda.anaconda.org/conda-forge/noarch/python_abi-3.14-8_cp314.conda
      - conda: https://conda.anaconda.org/conda-forge/noarch/six-1.17.0-pyhe01879c_1.conda
      - conda: https://conda.anaconda.org/conda-forge/noarch/stack_data-0.6.3-pyhd8ed1ab_1.conda
      - conda: https://conda.anaconda.org/conda-forge/noarch/traitlets-5.15.0-pyhcf101f3_0.conda
      - conda: https://conda.anaconda.org/conda-forge/noarch/typing_extensions-4.15.0-pyhcf101f3_0.conda
      - conda: https://conda.anaconda.org/conda-forge/noarch/tzdata-2025c-hc9c84f9_1.conda
      - conda: https://conda.anaconda.org/conda-forge/noarch/wcwidth-0.7.0-pyhd8ed1ab_0.conda
      - conda: https://conda.anaconda.org/conda-forge/osx-arm64/bzip2-1.0.8-hd037594_9.conda
      - conda: https://conda.anaconda.org/conda-forge/osx-arm64/debugpy-1.8.20-py314he609de1_0.conda
      - conda: https://conda.anaconda.org/conda-forge/osx-arm64/krb5-1.22.2-h385eeb1_0.conda
      - conda: https://conda.anaconda.org/conda-forge/osx-arm64/libcxx-22.1.6-h55c6f16_0.conda
      - conda: https://conda.anaconda.org/conda-forge/osx-arm64/libedit-3.1.20250104-pl5321hafb1f1b_0.conda
      - conda: https://conda.anaconda.org/conda-forge/osx-arm64/libexpat-2.8.1-hf6b4638_0.conda
      - conda: https://conda.anaconda.org/conda-forge/osx-arm64/libffi-3.5.2-hcf2aa1b_0.conda
      - conda: https://conda.anaconda.org/conda-forge/osx-arm64/liblzma-5.8.3-h8088a28_0.conda
      - conda: https://conda.anaconda.org/conda-forge/osx-arm64/libmpdec-4.0.0-h84a0fba_1.conda
      - conda: https://conda.anaconda.org/conda-forge/osx-arm64/libsodium-1.0.22-h1a92334_1.conda
      - conda: https://conda.anaconda.org/conda-forge/osx-arm64/libsqlite-3.53.1-h1b79a29_0.conda
      - conda: https://conda.anaconda.org/conda-forge/osx-arm64/libzlib-1.3.2-h8088a28_2.conda
      - conda: https://conda.anaconda.org/conda-forge/osx-arm64/ncurses-6.6-h1d4f5a5_0.conda
      - conda: https://conda.anaconda.org/conda-forge/osx-arm64/openssl-3.6.2-hd24854e_0.conda
      - conda: https://conda.anaconda.org/conda-forge/osx-arm64/psutil-7.2.2-py314ha14b1ff_0.conda
      - conda: https://conda.anaconda.org/conda-forge/osx-arm64/python-3.14.5-h4c637c5_100_cp314.conda
      - conda: https://conda.anaconda.org/conda-forge/osx-arm64/pyzmq-27.1.0-py312h022ad19_2.conda
      - conda: https://conda.anaconda.org/conda-forge/osx-arm64/readline-8.3-h46df422_0.conda
      - conda: https://conda.anaconda.org/conda-forge/osx-arm64/tk-8.6.13-h010d191_3.conda
      - conda: https://conda.anaconda.org/conda-forge/osx-arm64/tornado-6.5.5-py314h6c2aa35_0.conda
      - conda: https://conda.anaconda.org/conda-forge/osx-arm64/zeromq-4.3.5-h10816f8_11.conda
      - conda: https://conda.anaconda.org/conda-forge/osx-arm64/zstd-1.5.7-hbf9d68e_6.conda
      - pypi: .
      - pypi: https://files.pythonhosted.org/packages/59/8c/57e832b7af6d7c5abe66eb3fbe3a3a32f4d11ea23a1aa7131371035be991/certifi-2026.5.20-py3-none-any.whl
      - pypi: https://files.pythonhosted.org/packages/68/10/bf2d6738d72748b961a3751ab89522d58c54efc36a8e1a12161216cd45cf/pandas-3.0.3-cp314-cp314-macosx_11_0_arm64.whl
      - pypi: https://files.pythonhosted.org/packages/7f/3e/5db95bcf282c52709639744ca2a8b149baccf648e39c8cc87553df9eae0c/urllib3-2.7.0-py3-none-any.whl
      - pypi: https://files.pythonhosted.org/packages/8e/62/764ce66fa4147ae6d73071a3abf804ffe606f174618697c571acdf26a7c9/numpy-2.4.6-cp314-cp314-macosx_11_0_arm64.whl
      - pypi: https://files.pythonhosted.org/packages/97/c8/c67cb8c70e19ef1960b97b22ed2a1567711de46c4ddf19799923adc836c2/charset_normalizer-3.4.7-cp314-cp314-macosx_10_15_universal2.whl
      - pypi: https://files.pythonhosted.org/packages/a0/f4/c67b0b3f1b9245e8d266f0f112c500d50e5b4e83cb6f3b71b6528104182a/requests-2.34.2-py3-none-any.whl
      - pypi: https://files.pythonhosted.org/packages/d2/23/408243171aa9aaba178d3e2559159c24c1171a641aa83b67bdd3394ead8e/idna-3.15-py3-none-any.whl
      - pypi: https://files.pythonhosted.org/packages/ed/a6/d05a85fd51daeb2e4ea71d102f15b34fedca8e931af02594193ae4fd25f7/scipy-1.17.1-cp314-cp314-macosx_12_0_arm64.whl
packages:
- conda: https://conda.anaconda.org/conda-forge/noarch/_python_abi3_support-1.0-hd8ed1ab_2.conda
  sha256: a3967b937b9abf0f2a99f3173fa4630293979bd1644709d89580e7c62a544661
  md5: aaa2a381ccc56eac91d63b6c1240312f
  depends:
  - cpython
  - python-gil
  license: MIT
  license_family: MIT
  purls: []
  size: 8191
  timestamp: 1744137672556
- conda: https://conda.anaconda.org/conda-forge/noarch/appnope-0.1.4-pyhd8ed1ab_1.conda
  sha256: 8f032b140ea4159806e4969a68b4a3c0a7cab1ad936eb958a2b5ffe5335e19bf
  md5: 54898d0f524c9dee622d44bbb081a8ab
  depends:
  - python >=3.9
  license: BSD-2-Clause
  license_family: BSD
  purls:
  - pkg:pypi/appnope?source=hash-mapping
  size: 10076
  timestamp: 1733332433806
- conda: https://conda.anaconda.org/conda-forge/noarch/asttokens-3.0.1-pyhd8ed1ab_0.conda
  sha256: ee4da0f3fe9d59439798ee399ef3e482791e48784873d546e706d0935f9ff010
  md5: 9673a61a297b00016442e022d689faa6
  depends:
  - python >=3.10
  constrains:
  - astroid >=2,<5
  license: Apache-2.0
  license_family: Apache
  purls:
  - pkg:pypi/asttokens?source=hash-mapping
  size: 28797
  timestamp: 1763410017955
- conda: https://conda.anaconda.org/conda-forge/noarch/ca-certificates-2026.5.20-hbd8a1cb_0.conda
  sha256: 9812a303a1395e1dafbd92e5bc8a1ff6013bcbba0a09c7f03a8d23e43560aa9b
  md5: 489b8e97e666c93f68fdb35c3c9b957f
  depends:
  - __unix
  license: ISC
  purls: []
  size: 129868
  timestamp: 1779289852439
- conda: https://conda.anaconda.org/conda-forge/noarch/comm-0.2.3-pyhe01879c_0.conda
  sha256: 576a44729314ad9e4e5ebe055fbf48beb8116b60e58f9070278985b2b634f212
  md5: 2da13f2b299d8e1995bafbbe9689a2f7
  depends:
  - python >=3.9
  - python
  license: BSD-3-Clause
  license_family: BSD
  purls:
  - pkg:pypi/comm?source=hash-mapping
  size: 14690
  timestamp: 1753453984907
- conda: https://conda.anaconda.org/conda-forge/noarch/cpython-3.14.5-py314hd8ed1ab_100.conda
  noarch: generic
  sha256: 777882d2685f368417f31bbe1b28f73687fc6c8f6a5768bda20ffeefa6b07f5b
  md5: a749029ce5d0632a913db19d17f944ab
  depends:
  - python >=3.14,<3.15.0a0
  - python_abi * *_cp314
  license: Python-2.0
  purls: []
  size: 50212
  timestamp: 1779236682725
- conda: https://conda.anaconda.org/conda-forge/noarch/decorator-5.3.1-pyhd8ed1ab_0.conda
  sha256: 430bd9d731b265f0bedb3183ac3ecfaa1656390c092b6e864ff8cc1229843c8c
  md5: 61dcf784d59ef0bd62c57d982b154ace
  depends:
  - python >=3.10
  license: BSD-2-Clause
  license_family: BSD
  purls:
  - pkg:pypi/decorator?source=compressed-mapping
  size: 16102
  timestamp: 1779115228886
- conda: https://conda.anaconda.org/conda-forge/noarch/executing-2.2.1-pyhd8ed1ab_0.conda
  sha256: 210c8165a58fdbf16e626aac93cc4c14dbd551a01d1516be5ecad795d2422cad
  md5: ff9efb7f7469aed3c4a8106ffa29593c
  depends:
  - python >=3.10
  license: MIT
  license_family: MIT
  purls:
  - pkg:pypi/executing?source=hash-mapping
  size: 30753
  timestamp: 1756729456476
- conda: https://conda.anaconda.org/conda-forge/noarch/ipykernel-7.2.0-pyh5552912_1.conda
  sha256: 5c1f3e874adaf603449f2b135d48f168c5d510088c78c229bda0431268b43b27
  md5: 4b53d436f3fbc02ce3eeaf8ae9bebe01
  depends:
  - appnope
  - __osx
  - comm >=0.1.1
  - debugpy >=1.6.5
  - ipython >=7.23.1
  - jupyter_client >=8.8.0
  - jupyter_core >=5.1,!=6.0.*
  - matplotlib-inline >=0.1
  - nest-asyncio >=1.4
  - packaging >=22
  - psutil >=5.7
  - python >=3.10
  - pyzmq >=25
  - tornado >=6.4.1
  - traitlets >=5.4.0
  - python
  constrains:
  - appnope >=0.1.2
  license: BSD-3-Clause
  license_family: BSD
  purls:
  - pkg:pypi/ipykernel?source=hash-mapping
  size: 132260
  timestamp: 1770566135697
- conda: https://conda.anaconda.org/conda-forge/noarch/ipython-9.13.0-pyh53cf698_0.conda
  sha256: a0af49948a1842dfd15a0b0b2fd56c94ddbd07e07a6c8b4bc70d43015eafaff0
  md5: 73e9657cd19605740d21efb14d8d0cb9
  depends:
  - __unix
  - decorator >=5.1.0
  - ipython_pygments_lexers >=1.0.0
  - jedi >=0.18.2
  - matplotlib-inline >=0.1.6
  - prompt-toolkit >=3.0.41,<3.1.0
  - psutil >=7
  - pygments >=2.14.0
  - python >=3.11
  - stack_data >=0.6.0
  - traitlets >=5.13.0
  - typing_extensions >=4.6
  - pexpect >4.6
  - python
  license: BSD-3-Clause
  license_family: BSD
  purls:
  - pkg:pypi/ipython?source=hash-mapping
  size: 651632
  timestamp: 1777038396606
- conda: https://conda.anaconda.org/conda-forge/noarch/ipython_pygments_lexers-1.1.1-pyhd8ed1ab_0.conda
  sha256: 894682a42a7d659ae12878dbcb274516a7031bbea9104e92f8e88c1f2765a104
  md5: bd80ba060603cc228d9d81c257093119
  depends:
  - pygments
  - python >=3.9
  license: BSD-3-Clause
  license_family: BSD
  purls:
  - pkg:pypi/ipython-pygments-lexers?source=hash-mapping
  size: 13993
  timestamp: 1737123723464
- conda: https://conda.anaconda.org/conda-forge/noarch/jedi-0.19.2-pyhd8ed1ab_1.conda
  sha256: 92c4d217e2dc68983f724aa983cca5464dcb929c566627b26a2511159667dba8
  md5: a4f4c5dc9b80bc50e0d3dc4e6e8f1bd9
  depends:
  - parso >=0.8.3,<0.9.0
  - python >=3.9
  license: Apache-2.0 AND MIT
  purls:
  - pkg:pypi/jedi?source=hash-mapping
  size: 843646
  timestamp: 1733300981994
- conda: https://conda.anaconda.org/conda-forge/noarch/jupyter_client-8.8.0-pyhcf101f3_0.conda
  sha256: e402bd119720862a33229624ec23645916a7d47f30e1711a4af9e005162b84f3
  md5: 8a3d6d0523f66cf004e563a50d9392b3
  depends:
  - jupyter_core >=5.1
  - python >=3.10
  - python-dateutil >=2.8.2
  - pyzmq >=25.0
  - tornado >=6.4.1
  - traitlets >=5.3
  - python
  license: BSD-3-Clause
  license_family: BSD
  purls:
  - pkg:pypi/jupyter-client?source=hash-mapping
  size: 112785
  timestamp: 1767954655912
- conda: https://conda.anaconda.org/conda-forge/noarch/jupyter_core-5.9.1-pyhc90fa1f_0.conda
  sha256: 1d34b80e5bfcd5323f104dbf99a2aafc0e5d823019d626d0dce5d3d356a2a52a
  md5: b38fe4e78ee75def7e599843ef4c1ab0
  depends:
  - __unix
  - python
  - platformdirs >=2.5
  - python >=3.10
  - traitlets >=5.3
  - python
  constrains:
  - pywin32 >=300
  license: BSD-3-Clause
  license_family: BSD
  purls:
  - pkg:pypi/jupyter-core?source=hash-mapping
  size: 65503
  timestamp: 1760643864586
- conda: https://conda.anaconda.org/conda-forge/noarch/matplotlib-inline-0.2.2-pyhd8ed1ab_0.conda
  sha256: 35b43d7343f74452307fd018a1cca92b8f68961ff8e2ab6a81ce0a703c9a3764
  md5: 9acc1c385be401d533ff70ef5b50dae6
  depends:
  - python >=3.10
  - traitlets
  license: BSD-3-Clause
  license_family: BSD
  purls:
  - pkg:pypi/matplotlib-inline?source=hash-mapping
  size: 15725
  timestamp: 1778264403247
- conda: https://conda.anaconda.org/conda-forge/noarch/nest-asyncio-1.6.0-pyhd8ed1ab_1.conda
  sha256: bb7b21d7fd0445ddc0631f64e66d91a179de4ba920b8381f29b9d006a42788c0
  md5: 598fd7d4d0de2455fb74f56063969a97
  depends:
  - python >=3.9
  license: BSD-2-Clause
  license_family: BSD
  purls:
  - pkg:pypi/nest-asyncio?source=hash-mapping
  size: 11543
  timestamp: 1733325673691
- conda: https://conda.anaconda.org/conda-forge/noarch/packaging-26.2-pyhc364b38_0.conda
  sha256: 3906abfb6511a3bb309e39b9b1b7bc38f50a723971de2395489fd1f379255890
  md5: 4c06a92e74452cfa53623a81592e8934
  depends:
  - python >=3.8
  - python
  license: Apache-2.0
  license_family: APACHE
  purls:
  - pkg:pypi/packaging?source=hash-mapping
  size: 91574
  timestamp: 1777103621679
- conda: https://conda.anaconda.org/conda-forge/noarch/parso-0.8.7-pyhcf101f3_0.conda
  sha256: 611882f7944b467281c46644ffde6c5145d1a7730388bcde26e7e86819b0998e
  md5: 39894c952938276405a1bd30e4ce2caf
  depends:
  - python >=3.10
  - python
  license: MIT
  license_family: MIT
  purls:
  - pkg:pypi/parso?source=hash-mapping
  size: 82472
  timestamp: 1777722955579
- conda: https://conda.anaconda.org/conda-forge/noarch/pexpect-4.9.0-pyhd8ed1ab_1.conda
  sha256: 202af1de83b585d36445dc1fda94266697341994d1a3328fabde4989e1b3d07a
  md5: d0d408b1f18883a944376da5cf8101ea
  depends:
  - ptyprocess >=0.5
  - python >=3.9
  license: ISC
  purls:
  - pkg:pypi/pexpect?source=hash-mapping
  size: 53561
  timestamp: 1733302019362
- conda: https://conda.anaconda.org/conda-forge/noarch/platformdirs-4.9.6-pyhcf101f3_0.conda
  sha256: 8f29915c172f1f7f4f7c9391cd5dac3ebf5d13745c8b7c8006032615246345a5
  md5: 89c0b6d1793601a2a3a3f7d2d3d8b937
  depends:
  - python >=3.10
  - python
  license: MIT
  license_family: MIT
  purls:
  - pkg:pypi/platformdirs?source=hash-mapping
  size: 25862
  timestamp: 1775741140609
- conda: https://conda.anaconda.org/conda-forge/noarch/prompt-toolkit-3.0.52-pyha770c72_0.conda
  sha256: 4817651a276016f3838957bfdf963386438c70761e9faec7749d411635979bae
  md5: edb16f14d920fb3faf17f5ce582942d6
  depends:
  - python >=3.10
  - wcwidth
  constrains:
  - prompt_toolkit 3.0.52
  license: BSD-3-Clause
  license_family: BSD
  purls:
  - pkg:pypi/prompt-toolkit?source=hash-mapping
  size: 273927
  timestamp: 1756321848365
- conda: https://conda.anaconda.org/conda-forge/noarch/ptyprocess-0.7.0-pyhd8ed1ab_1.conda
  sha256: a7713dfe30faf17508ec359e0bc7e0983f5d94682492469bd462cdaae9c64d83
  md5: 7d9daffbb8d8e0af0f769dbbcd173a54
  depends:
  - python >=3.9
  license: ISC
  purls:
  - pkg:pypi/ptyprocess?source=hash-mapping
  size: 19457
  timestamp: 1733302371990
- conda: https://conda.anaconda.org/conda-forge/noarch/pure_eval-0.2.3-pyhd8ed1ab_1.conda
  sha256: 71bd24600d14bb171a6321d523486f6a06f855e75e547fa0cb2a0953b02047f0
  md5: 3bfdfb8dbcdc4af1ae3f9a8eb3948f04
  depends:
  - python >=3.9
  license: MIT
  license_family: MIT
  purls:
  - pkg:pypi/pure-eval?source=hash-mapping
  size: 16668
  timestamp: 1733569518868
- conda: https://conda.anaconda.org/conda-forge/noarch/pygments-2.20.0-pyhd8ed1ab_0.conda
  sha256: cf70b2f5ad9ae472b71235e5c8a736c9316df3705746de419b59d442e8348e86
  md5: 16c18772b340887160c79a6acc022db0
  depends:
  - python >=3.10
  license: BSD-2-Clause
  license_family: BSD
  purls:
  - pkg:pypi/pygments?source=hash-mapping
  size: 893031
  timestamp: 1774796815820
- conda: https://conda.anaconda.org/conda-forge/noarch/python-dateutil-2.9.0.post0-pyhe01879c_2.conda
  sha256: d6a17ece93bbd5139e02d2bd7dbfa80bee1a4261dced63f65f679121686bf664
  md5: 5b8d21249ff20967101ffa321cab24e8
  depends:
  - python >=3.9
  - six >=1.5
  - python
  license: Apache-2.0
  license_family: APACHE
  purls:
  - pkg:pypi/python-dateutil?source=hash-mapping
  size: 233310
  timestamp: 1751104122689
- conda: https://conda.anaconda.org/conda-forge/noarch/python-gil-3.14.5-h4df99d1_100.conda
  sha256: 41dd7da285d71d519257fa7dacb1cae060d5ebfaa5f92cba5994899d2978e943
  md5: 41954747ba952ec4b01e16c2c9e8d8ff
  depends:
  - cpython 3.14.5.*
  - python_abi * *_cp314
  license: Python-2.0
  purls: []
  size: 50212
  timestamp: 1779236703009
- conda: https://conda.anaconda.org/conda-forge/noarch/python_abi-3.14-8_cp314.conda
  build_number: 8
  sha256: ad6d2e9ac39751cc0529dd1566a26751a0bf2542adb0c232533d32e176e21db5
  md5: 0539938c55b6b1a59b560e843ad864a4
  constrains:
  - python 3.14.* *_cp314
  license: BSD-3-Clause
  license_family: BSD
  purls: []
  size: 6989
  timestamp: 1752805904792
- conda: https://conda.anaconda.org/conda-forge/noarch/six-1.17.0-pyhe01879c_1.conda
  sha256: 458227f759d5e3fcec5d9b7acce54e10c9e1f4f4b7ec978f3bfd54ce4ee9853d
  md5: 3339e3b65d58accf4ca4fb8748ab16b3
  depends:
  - python >=3.9
  - python
  license: MIT
  license_family: MIT
  purls:
  - pkg:pypi/six?source=hash-mapping
  size: 18455
  timestamp: 1753199211006
- conda: https://conda.anaconda.org/conda-forge/noarch/stack_data-0.6.3-pyhd8ed1ab_1.conda
  sha256: 570da295d421661af487f1595045760526964f41471021056e993e73089e9c41
  md5: b1b505328da7a6b246787df4b5a49fbc
  depends:
  - asttokens
  - executing
  - pure_eval
  - python >=3.9
  license: MIT
  license_family: MIT
  purls:
  - pkg:pypi/stack-data?source=hash-mapping
  size: 26988
  timestamp: 1733569565672
- conda: https://conda.anaconda.org/conda-forge/noarch/traitlets-5.15.0-pyhcf101f3_0.conda
  sha256: dfb681579be59c2e790c95f7f49b7529a9b0511d6385ad276e3c8988cbd54d2c
  md5: 4bada6a6d908a27262af8ebddf4f7492
  depends:
  - python >=3.10
  - python
  license: BSD-3-Clause
  license_family: BSD
  purls:
  - pkg:pypi/traitlets?source=hash-mapping
  size: 115165
  timestamp: 1778074251714
- conda: https://conda.anaconda.org/conda-forge/noarch/typing_extensions-4.15.0-pyhcf101f3_0.conda
  sha256: 032271135bca55aeb156cee361c81350c6f3fb203f57d024d7e5a1fc9ef18731
  md5: 0caa1af407ecff61170c9437a808404d
  depends:
  - python >=3.10
  - python
  license: PSF-2.0
  license_family: PSF
  purls:
  - pkg:pypi/typing-extensions?source=hash-mapping
  size: 51692
  timestamp: 1756220668932
- conda: https://conda.anaconda.org/conda-forge/noarch/tzdata-2025c-hc9c84f9_1.conda
  sha256: 1d30098909076af33a35017eed6f2953af1c769e273a0626a04722ac4acaba3c
  md5: ad659d0a2b3e47e38d829aa8cad2d610
  license: LicenseRef-Public-Domain
  purls: []
  size: 119135
  timestamp: 1767016325805
- conda: https://conda.anaconda.org/conda-forge/noarch/wcwidth-0.7.0-pyhd8ed1ab_0.conda
  sha256: 1ee2d8384972ecbf8630ce8a3ea9d16858358ad3e8566675295e66996d5352da
  md5: eb9538b8e55069434a18547f43b96059
  depends:
  - python >=3.10
  license: MIT
  license_family: MIT
  purls:
  - pkg:pypi/wcwidth?source=hash-mapping
  size: 82917
  timestamp: 1777744489106
- conda: https://conda.anaconda.org/conda-forge/osx-arm64/bzip2-1.0.8-hd037594_9.conda
  sha256: 540fe54be35fac0c17feefbdc3e29725cce05d7367ffedfaaa1bdda234b019df
  md5: 620b85a3f45526a8bc4d23fd78fc22f0
  depends:
  - __osx >=11.0
  license: bzip2-1.0.6
  license_family: BSD
  purls: []
  size: 124834
  timestamp: 1771350416561
- conda: https://conda.anaconda.org/conda-forge/osx-arm64/debugpy-1.8.20-py314he609de1_0.conda
  sha256: 7736a82ebe75c0f3ea6991298363d1f2edb34291f8616c1d3719862881c3a167
  md5: 407c74dc27356ba6bf3a0191070e3ac0
  depends:
  - python
  - python 3.14.* *_cp314
  - __osx >=11.0
  - libcxx >=19
  - python_abi 3.14.* *_cp314
  license: MIT
  license_family: MIT
  purls:
  - pkg:pypi/debugpy?source=hash-mapping
  size: 2778080
  timestamp: 1769745040206
- conda: https://conda.anaconda.org/conda-forge/osx-arm64/krb5-1.22.2-h385eeb1_0.conda
  sha256: c0a0bf028fe7f3defcdcaa464e536cf1b202d07451e18ad83fdd169d15bef6ed
  md5: e446e1822f4da8e5080a9de93474184d
  depends:
  - __osx >=11.0
  - libcxx >=19
  - libedit >=3.1.20250104,<3.2.0a0
  - libedit >=3.1.20250104,<4.0a0
  - openssl >=3.5.5,<4.0a0
  license: MIT
  license_family: MIT
  purls: []
  size: 1160828
  timestamp: 1769770119811
- conda: https://conda.anaconda.org/conda-forge/osx-arm64/libcxx-22.1.6-h55c6f16_0.conda
  sha256: 3e2f8ad32ddab88c5114b9aa2160f8c129f515df0e551d0d86ef5744446afdbd
  md5: 589cc6f6222fdc0eaf8e90bc38fcce7b
  depends:
  - __osx >=11.0
  license: Apache-2.0 WITH LLVM-exception
  license_family: Apache
  purls: []
  size: 570038
  timestamp: 1779253025527
- conda: https://conda.anaconda.org/conda-forge/osx-arm64/libedit-3.1.20250104-pl5321hafb1f1b_0.conda
  sha256: 66aa216a403de0bb0c1340a88d1a06adaff66bae2cfd196731aa24db9859d631
  md5: 44083d2d2c2025afca315c7a172eab2b
  depends:
  - ncurses
  - __osx >=11.0
  - ncurses >=6.5,<7.0a0
  license: BSD-2-Clause
  license_family: BSD
  purls: []
  size: 107691
  timestamp: 1738479560845
- conda: https://conda.anaconda.org/conda-forge/osx-arm64/libexpat-2.8.1-hf6b4638_0.conda
  sha256: 3133fb6bfa871288b92c8b8752696686a841bf4ffe035aa3038033c9e15b738e
  md5: ef22e9ab1dc7c2f334252f565f90b3b8
  depends:
  - __osx >=11.0
  constrains:
  - expat 2.8.1.*
  license: MIT
  license_family: MIT
  purls: []
  size: 69110
  timestamp: 1779278728511
- conda: https://conda.anaconda.org/conda-forge/osx-arm64/libffi-3.5.2-hcf2aa1b_0.conda
  sha256: 6686a26466a527585e6a75cc2a242bf4a3d97d6d6c86424a441677917f28bec7
  md5: 43c04d9cb46ef176bb2a4c77e324d599
  depends:
  - __osx >=11.0
  license: MIT
  license_family: MIT
  purls: []
  size: 40979
  timestamp: 1769456747661
- conda: https://conda.anaconda.org/conda-forge/osx-arm64/liblzma-5.8.3-h8088a28_0.conda
  sha256: 34878d87275c298f1a732c6806349125cebbf340d24c6c23727268184bba051e
  md5: b1fd823b5ae54fbec272cea0811bd8a9
  depends:
  - __osx >=11.0
  constrains:
  - xz 5.8.3.*
  license: 0BSD
  purls: []
  size: 92472
  timestamp: 1775825802659
- conda: https://conda.anaconda.org/conda-forge/osx-arm64/libmpdec-4.0.0-h84a0fba_1.conda
  sha256: 1089c7f15d5b62c622625ec6700732ece83be8b705da8c6607f4dabb0c4bd6d2
  md5: 57c4be259f5e0b99a5983799a228ae55
  depends:
  - __osx >=11.0
  license: BSD-2-Clause
  license_family: BSD
  purls: []
  size: 73690
  timestamp: 1769482560514
- conda: https://conda.anaconda.org/conda-forge/osx-arm64/libsodium-1.0.22-h1a92334_1.conda
  sha256: 202be45db5726757a8ea1f374f85aacc18c504f5ff15b2558496dff4c8779c48
  md5: 9ed5ab909c449bdcae72322e44875a18
  depends:
  - __osx >=11.0
  license: ISC
  purls: []
  size: 247352
  timestamp: 1779164136206
- conda: https://conda.anaconda.org/conda-forge/osx-arm64/libsqlite-3.53.1-h1b79a29_0.conda
  sha256: 49daec7c83e70d4efc17b813547824bc2bcf2f7256d84061d24fbfe537da9f74
  md5: 6681822ea9d362953206352371b6a904
  depends:
  - __osx >=11.0
  - libzlib >=1.3.2,<2.0a0
  license: blessing
  purls: []
  size: 920047
  timestamp: 1777987051643
- conda: https://conda.anaconda.org/conda-forge/osx-arm64/libzlib-1.3.2-h8088a28_2.conda
  sha256: 361415a698514b19a852f5d1123c5da746d4642139904156ddfca7c922d23a05
  md5: bc5a5721b6439f2f62a84f2548136082
  depends:
  - __osx >=11.0
  constrains:
  - zlib 1.3.2 *_2
  license: Zlib
  license_family: Other
  purls: []
  size: 47759
  timestamp: 1774072956767
- conda: https://conda.anaconda.org/conda-forge/osx-arm64/ncurses-6.6-h1d4f5a5_0.conda
  sha256: 4ea6c620b87bd1d42bb2ccc2c87cd2483fa2d7f9e905b14c223f11ff3f4c455d
  md5: 343d10ed5b44030a2f67193905aea159
  depends:
  - __osx >=11.0
  license: X11 AND BSD-3-Clause
  purls: []
  size: 805509
  timestamp: 1777423252320
- conda: https://conda.anaconda.org/conda-forge/osx-arm64/openssl-3.6.2-hd24854e_0.conda
  sha256: c91bf510c130a1ea1b6ff023e28bac0ccaef869446acd805e2016f69ebdc49ea
  md5: 25dcccd4f80f1638428613e0d7c9b4e1
  depends:
  - __osx >=11.0
  - ca-certificates
  license: Apache-2.0
  license_family: Apache
  purls: []
  size: 3106008
  timestamp: 1775587972483
- conda: https://conda.anaconda.org/conda-forge/osx-arm64/psutil-7.2.2-py314ha14b1ff_0.conda
  sha256: e0f31c053eb11803d63860c213b2b1b57db36734f5f84a3833606f7c91fedff9
  md5: fc4c7ab223873eee32080d51600ce7e7
  depends:
  - python
  - __osx >=11.0
  - python 3.14.* *_cp314
  - python_abi 3.14.* *_cp314
  license: BSD-3-Clause
  license_family: BSD
  purls:
  - pkg:pypi/psutil?source=hash-mapping
  size: 245502
  timestamp: 1769678303655
- conda: https://conda.anaconda.org/conda-forge/osx-arm64/python-3.14.5-h4c637c5_100_cp314.conda
  build_number: 100
  sha256: 06dec0e2f50e2f7e6a8808fcb4aff23729a3f23bcb1fca4fcbc3a341d9e38a83
  md5: f7331c9deaf21c79e5675e72b21d570b
  depends:
  - __osx >=11.0
  - bzip2 >=1.0.8,<2.0a0
  - libexpat >=2.8.0,<3.0a0
  - libffi >=3.5.2,<3.6.0a0
  - liblzma >=5.8.3,<6.0a0
  - libmpdec >=4.0.0,<5.0a0
  - libsqlite >=3.53.1,<4.0a0
  - libzlib >=1.3.2,<2.0a0
  - ncurses >=6.6,<7.0a0
  - openssl >=3.5.6,<4.0a0
  - python_abi 3.14.* *_cp314
  - readline >=8.3,<9.0a0
  - tk >=8.6.13,<8.7.0a0
  - tzdata
  - zstd >=1.5.7,<1.6.0a0
  license: Python-2.0
  purls: []
  size: 13560854
  timestamp: 1779238292621
  python_site_packages_path: lib/python3.14/site-packages
- conda: https://conda.anaconda.org/conda-forge/osx-arm64/pyzmq-27.1.0-py312h022ad19_2.conda
  noarch: python
  sha256: 2f31f799a46ed75518fae0be75ecc8a1b84360dbfd55096bc2fe8bd9c797e772
  md5: 2f6b79700452ef1e91f45a99ab8ffe5a
  depends:
  - python
  - libcxx >=19
  - __osx >=11.0
  - _python_abi3_support 1.*
  - cpython >=3.12
  - zeromq >=4.3.5,<4.4.0a0
  license: BSD-3-Clause
  license_family: BSD
  purls:
  - pkg:pypi/pyzmq?source=hash-mapping
  size: 191641
  timestamp: 1771717073430
- conda: https://conda.anaconda.org/conda-forge/osx-arm64/readline-8.3-h46df422_0.conda
  sha256: a77010528efb4b548ac2a4484eaf7e1c3907f2aec86123ed9c5212ae44502477
  md5: f8381319127120ce51e081dce4865cf4
  depends:
  - __osx >=11.0
  - ncurses >=6.5,<7.0a0
  license: GPL-3.0-only
  license_family: GPL
  purls: []
  size: 313930
  timestamp: 1765813902568
- conda: https://conda.anaconda.org/conda-forge/osx-arm64/tk-8.6.13-h010d191_3.conda
  sha256: 799cab4b6cde62f91f750149995d149bc9db525ec12595e8a1d91b9317f038b3
  md5: a9d86bc62f39b94c4661716624eb21b0
  depends:
  - __osx >=11.0
  - libzlib >=1.3.1,<2.0a0
  license: TCL
  license_family: BSD
  purls: []
  size: 3127137
  timestamp: 1769460817696
- conda: https://conda.anaconda.org/conda-forge/osx-arm64/tornado-6.5.5-py314h6c2aa35_0.conda
  sha256: 4ccc4a20d676c0ba85adee9c99015bec7f5b685df0cf8006e34573f1d6c2ce75
  md5: 3f81f8b2fe2c26a82c0abf57ab2b9610
  depends:
  - __osx >=11.0
  - python >=3.14,<3.15.0a0
  - python >=3.14,<3.15.0a0 *_cp314
  - python_abi 3.14.* *_cp314
  license: Apache-2.0
  license_family: Apache
  purls:
  - pkg:pypi/tornado?source=hash-mapping
  size: 910845
  timestamp: 1774358965067
- conda: https://conda.anaconda.org/conda-forge/osx-arm64/zeromq-4.3.5-h10816f8_11.conda
  sha256: 01fd50d2801b23b59fafea6bf704a6c5faf0f5969104400eae0e6572cb2e5304
  md5: d31c0e54c4f9c51100ec8c812ee925d1
  depends:
  - libcxx >=19
  - __osx >=11.0
  - krb5 >=1.22.2,<1.23.0a0
  - libsodium >=1.0.22,<1.0.23.0a0
  license: MPL-2.0
  license_family: MOZILLA
  purls: []
  size: 245404
  timestamp: 1779124076307
- conda: https://conda.anaconda.org/conda-forge/osx-arm64/zstd-1.5.7-hbf9d68e_6.conda
  sha256: 9485ba49e8f47d2b597dd399e88f4802e100851b27c21d7525625b0b4025a5d9
  md5: ab136e4c34e97f34fb621d2592a393d8
  depends:
  - __osx >=11.0
  - libzlib >=1.3.1,<2.0a0
  license: BSD-3-Clause
  license_family: BSD
  purls: []
  size: 433413
  timestamp: 1764777166076
- pypi: .
  name: glodap
  requires_dist:
  - pandas>=3.0.3,<4
  - requests>=2.34.2,<3
  - scipy>=1.17.1,<2
  requires_python: '>=3.10'
- pypi: https://files.pythonhosted.org/packages/59/8c/57e832b7af6d7c5abe66eb3fbe3a3a32f4d11ea23a1aa7131371035be991/certifi-2026.5.20-py3-none-any.whl
  name: certifi
  version: 2026.5.20
  sha256: 3c52e209ba0a4ad7aebe60436a4ab349c39e1e602e8c134221e546902ad25897
  requires_python: '>=3.7'
- pypi: https://files.pythonhosted.org/packages/68/10/bf2d6738d72748b961a3751ab89522d58c54efc36a8e1a12161216cd45cf/pandas-3.0.3-cp314-cp314-macosx_11_0_arm64.whl
  name: pandas
  version: 3.0.3
  sha256: bab900348131a7db1f69a7309ef141fd5680f1487094193bcbbb61791573bf8f
  requires_dist:
  - numpy>=1.26.0 ; python_full_version < '3.14'
  - numpy>=2.3.3 ; python_full_version >= '3.14'
  - python-dateutil>=2.8.2
  - tzdata ; sys_platform == 'win32'
  - tzdata ; sys_platform == 'emscripten'
  - hypothesis>=6.116.0 ; extra == 'test'
  - pytest>=8.3.4 ; extra == 'test'
  - pytest-xdist>=3.6.1 ; extra == 'test'
  - pyarrow>=13.0.0 ; extra == 'pyarrow'
  - bottleneck>=1.4.2 ; extra == 'performance'
  - numba>=0.60.0 ; extra == 'performance'
  - numexpr>=2.10.2 ; extra == 'performance'
  - scipy>=1.14.1 ; extra == 'computation'
  - xarray>=2024.10.0 ; extra == 'computation'
  - fsspec>=2024.10.0 ; extra == 'fss'
  - s3fs>=2024.10.0 ; extra == 'aws'
  - gcsfs>=2024.10.0 ; extra == 'gcp'
  - odfpy>=1.4.1 ; extra == 'excel'
  - openpyxl>=3.1.5 ; extra == 'excel'
  - python-calamine>=0.3.0 ; extra == 'excel'
  - pyxlsb>=1.0.10 ; extra == 'excel'
  - xlrd>=2.0.1 ; extra == 'excel'
  - xlsxwriter>=3.2.0 ; extra == 'excel'
  - pyarrow>=13.0.0 ; extra == 'parquet'
  - pyarrow>=13.0.0 ; extra == 'feather'
  - pyiceberg>=0.8.1 ; extra == 'iceberg'
  - tables>=3.10.1 ; extra == 'hdf5'
  - pyreadstat>=1.2.8 ; extra == 'spss'
  - sqlalchemy>=2.0.36 ; extra == 'postgresql'
  - psycopg2>=2.9.10 ; extra == 'postgresql'
  - adbc-driver-postgresql>=1.2.0 ; extra == 'postgresql'
  - sqlalchemy>=2.0.36 ; extra == 'mysql'
  - pymysql>=1.1.1 ; extra == 'mysql'
  - sqlalchemy>=2.0.36 ; extra == 'sql-other'
  - adbc-driver-postgresql>=1.2.0 ; extra == 'sql-other'
  - adbc-driver-sqlite>=1.2.0 ; extra == 'sql-other'
  - beautifulsoup4>=4.12.3 ; extra == 'html'
  - html5lib>=1.1 ; extra == 'html'
  - lxml>=5.3.0 ; extra == 'html'
  - lxml>=5.3.0 ; extra == 'xml'
  - matplotlib>=3.9.3 ; extra == 'plot'
  - jinja2>=3.1.5 ; extra == 'output-formatting'
  - tabulate>=0.9.0 ; extra == 'output-formatting'
  - pyqt5>=5.15.9 ; extra == 'clipboard'
  - qtpy>=2.4.2 ; extra == 'clipboard'
  - zstandard>=0.23.0 ; extra == 'compression'
  - pytz>=2020.1 ; extra == 'timezone'
  - adbc-driver-postgresql>=1.2.0 ; extra == 'all'
  - adbc-driver-sqlite>=1.2.0 ; extra == 'all'
  - beautifulsoup4>=4.12.3 ; extra == 'all'
  - bottleneck>=1.4.2 ; extra == 'all'
  - fastparquet>=2024.11.0 ; extra == 'all'
  - fsspec>=2024.10.0 ; extra == 'all'
  - gcsfs>=2024.10.0 ; extra == 'all'
  - html5lib>=1.1 ; extra == 'all'
  - hypothesis>=6.116.0 ; extra == 'all'
  - jinja2>=3.1.5 ; extra == 'all'
  - lxml>=5.3.0 ; extra == 'all'
  - matplotlib>=3.9.3 ; extra == 'all'
  - numba>=0.60.0 ; extra == 'all'
  - numexpr>=2.10.2 ; extra == 'all'
  - odfpy>=1.4.1 ; extra == 'all'
  - openpyxl>=3.1.5 ; extra == 'all'
  - psycopg2>=2.9.10 ; extra == 'all'
  - pyarrow>=13.0.0 ; extra == 'all'
  - pyiceberg>=0.8.1 ; extra == 'all'
  - pymysql>=1.1.1 ; extra == 'all'
  - pyqt5>=5.15.9 ; extra == 'all'
  - pyreadstat>=1.2.8 ; extra == 'all'
  - pytest>=8.3.4 ; extra == 'all'
  - pytest-xdist>=3.6.1 ; extra == 'all'
  - python-calamine>=0.3.0 ; extra == 'all'
  - pytz>=2020.1 ; extra == 'all'
  - pyxlsb>=1.0.10 ; extra == 'all'
  - qtpy>=2.4.2 ; extra == 'all'
  - scipy>=1.14.1 ; extra == 'all'
  - s3fs>=2024.10.0 ; extra == 'all'
  - sqlalchemy>=2.0.36 ; extra == 'all'
  - tables>=3.10.1 ; extra == 'all'
  - tabulate>=0.9.0 ; extra == 'all'
  - xarray>=2024.10.0 ; extra == 'all'
  - xlrd>=2.0.1 ; extra == 'all'
  - xlsxwriter>=3.2.0 ; extra == 'all'
  - zstandard>=0.23.0 ; extra == 'all'
  requires_python: '>=3.11'
- pypi: https://files.pythonhosted.org/packages/7f/3e/5db95bcf282c52709639744ca2a8b149baccf648e39c8cc87553df9eae0c/urllib3-2.7.0-py3-none-any.whl
  name: urllib3
  version: 2.7.0
  sha256: 9fb4c81ebbb1ce9531cce37674bbc6f1360472bc18ca9a553ede278ef7276897
  requires_dist:
  - brotli>=1.2.0 ; platform_python_implementation == 'CPython' and extra == 'brotli'
  - brotlicffi>=1.2.0.0 ; platform_python_implementation != 'CPython' and extra == 'brotli'
  - h2>=4,<5 ; extra == 'h2'
  - pysocks>=1.5.6,!=1.5.7,<2.0 ; extra == 'socks'
  - backports-zstd>=1.0.0 ; python_full_version < '3.14' and extra == 'zstd'
  requires_python: '>=3.10'
- pypi: https://files.pythonhosted.org/packages/8e/62/764ce66fa4147ae6d73071a3abf804ffe606f174618697c571acdf26a7c9/numpy-2.4.6-cp314-cp314-macosx_11_0_arm64.whl
  name: numpy
  version: 2.4.6
  sha256: 38efbc8de75c7a0fc1ac190162d892787f3f47b57cc291231aafee36b80982b7
  requires_python: '>=3.11'
- pypi: https://files.pythonhosted.org/packages/97/c8/c67cb8c70e19ef1960b97b22ed2a1567711de46c4ddf19799923adc836c2/charset_normalizer-3.4.7-cp314-cp314-macosx_10_15_universal2.whl
  name: charset-normalizer
  version: 3.4.7
  sha256: c36c333c39be2dbca264d7803333c896ab8fa7d4d6f0ab7edb7dfd7aea6e98c0
  requires_python: '>=3.7'
- pypi: https://files.pythonhosted.org/packages/a0/f4/c67b0b3f1b9245e8d266f0f112c500d50e5b4e83cb6f3b71b6528104182a/requests-2.34.2-py3-none-any.whl
  name: requests
  version: 2.34.2
  sha256: 2a0d60c172f83ac6ab31e4554906c0f3b3588d37b5cb939b1c061f4907e278e0
  requires_dist:
  - charset-normalizer>=2,<4
  - idna>=2.5,<4
  - urllib3>=1.26,<3
  - certifi>=2023.5.7
  - pysocks>=1.5.6,!=1.5.7 ; extra == 'socks'
  - chardet>=3.0.2,<8 ; extra == 'use-chardet-on-py3'
  requires_python: '>=3.10'
- pypi: https://files.pythonhosted.org/packages/d2/23/408243171aa9aaba178d3e2559159c24c1171a641aa83b67bdd3394ead8e/idna-3.15-py3-none-any.whl
  name: idna
  version: '3.15'
  sha256: 048adeaf8c2d788c40fee287673ccaa74c24ffd8dcf09ffa555a2fbb59f10ac8
  requires_dist:
  - ruff>=0.6.2 ; extra == 'all'
  - mypy>=1.11.2 ; extra == 'all'
  - pytest>=8.3.2 ; extra == 'all'
  requires_python: '>=3.8'
- pypi: https://files.pythonhosted.org/packages/ed/a6/d05a85fd51daeb2e4ea71d102f15b34fedca8e931af02594193ae4fd25f7/scipy-1.17.1-cp314-cp314-macosx_12_0_arm64.whl
  name: scipy
  version: 1.17.1
  sha256: 45abad819184f07240d8a696117a7aacd39787af9e0b719d00285549ed19a1e9
  requires_dist:
  - numpy>=1.26.4,<2.7
  - pytest>=8.0.0 ; extra == 'test'
  - pytest-cov ; extra == 'test'
  - pytest-timeout ; extra == 'test'
  - pytest-xdist ; extra == 'test'
  - asv ; extra == 'test'
  - mpmath ; extra == 'test'
  - gmpy2 ; extra == 'test'
  - threadpoolctl ; extra == 'test'
  - scikit-umfpack ; extra == 'test'
  - pooch ; extra == 'test'
  - hypothesis>=6.30 ; extra == 'test'
  - array-api-strict>=2.3.1 ; extra == 'test'
  - cython ; extra == 'test'
  - meson ; extra == 'test'
  - ninja ; sys_platform != 'emscripten' and extra == 'test'
  - sphinx>=5.0.0,<8.2.0 ; extra == 'doc'
  - intersphinx-registry ; extra == 'doc'
  - pydata-sphinx-theme>=0.15.2 ; extra == 'doc'
  - sphinx-copybutton ; extra == 'doc'
  - sphinx-design>=0.4.0 ; extra == 'doc'
  - matplotlib>=3.5 ; extra == 'doc'
  - numpydoc ; extra == 'doc'
  - jupytext ; extra == 'doc'
  - myst-nb>=1.2.0 ; extra == 'doc'
  - pooch ; extra == 'doc'
  - jupyterlite-sphinx>=0.19.1 ; extra == 'doc'
  - jupyterlite-pyodide-kernel ; extra == 'doc'
  - linkify-it-py ; extra == 'doc'
  - tabulate ; extra == 'doc'
  - click<8.3.0 ; extra == 'dev'
  - spin ; extra == 'dev'
  - mypy==1.10.0 ; extra == 'dev'
  - typing-extensions ; extra == 'dev'
  - types-psutil ; extra == 'dev'
  - pycodestyle ; extra == 'dev'
  - ruff>=0.12.0 ; extra == 'dev'
  - cython-lint>=0.12.2 ; extra == 'dev'
  requires_python: '>=3.11'
